
Microsoft Visual Studio Solution File, Format Version 12.00
# Visual Studio Version 17
VisualStudioVersion = 17.5.002.0
MinimumVisualStudioVersion = 10.0.40219.1
Project("{9A19103F-16F7-4668-BE54-9A1E7A4F7556}") = "NewTalents", "NewTalents.csproj", "{D91C1B3A-80DB-4BCD-86EE-8C9E9CCB3973}"
EndProject
Project("{FAE04EC0-301F-11D3-BF4B-00C04F79EFBC}") = "NewTalents", "NewTalents\NewTalents.csproj", "{A0693ECD-CA80-4007-82B8-9F357A1C0BE8}"
EndProject
Project("{FAE04EC0-301F-11D3-BF4B-00C04F79EFBC}") = "NewTalentsTest", "NewTalentsTest\NewTalentsTest.csproj", "{812E085F-C964-40AE-B19B-7AACF9732FB7}"
EndProject
Global
	GlobalSection(SolutionConfigurationPlatforms) = preSolution
		Debug|Any CPU = Debug|Any CPU
		Release|Any CPU = Release|Any CPU
	EndGlobalSection
	GlobalSection(ProjectConfigurationPlatforms) = postSolution
		{D91C1B3A-80DB-4BCD-86EE-8C9E9CCB3973}.Debug|Any CPU.ActiveCfg = Debug|Any CPU
		{D91C1B3A-80DB-4BCD-86EE-8C9E9CCB3973}.Debug|Any CPU.Build.0 = Debug|Any CPU
		{D91C1B3A-80DB-4BCD-86EE-8C9E9CCB3973}.Release|Any CPU.ActiveCfg = Release|Any CPU
		{D91C1B3A-80DB-4BCD-86EE-8C9E9CCB3973}.Release|Any CPU.Build.0 = Release|Any CPU
		{A0693ECD-CA80-4007-82B8-9F357A1C0BE8}.Debug|Any CPU.ActiveCfg = Debug|Any CPU
		{A0693ECD-CA80-4007-82B8-9F357A1C0BE8}.Debug|Any CPU.Build.0 = Debug|Any CPU
		{A0693ECD-CA80-4007-82B8-9F357A1C0BE8}.Release|Any CPU.ActiveCfg = Release|Any CPU
		{A0693ECD-CA80-4007-82B8-9F357A1C0BE8}.Release|Any CPU.Build.0 = Release|Any CPU
		{812E085F-C964-40AE-B19B-7AACF9732FB7}.Debug|Any CPU.ActiveCfg = Debug|Any CPU
		{812E085F-C964-40AE-B19B-7AACF9732FB7}.Debug|Any CPU.Build.0 = Debug|Any CPU
		{812E085F-C964-40AE-B19B-7AACF9732FB7}.Release|Any CPU.ActiveCfg = Release|Any CPU
		{812E085F-C964-40AE-B19B-7AACF9732FB7}.Release|Any CPU.Build.0 = Release|Any CPU
	EndGlobalSection
	GlobalSection(SolutionProperties) = preSolution
		HideSolutionNode = FALSE
	EndGlobalSection
	GlobalSection(ExtensibilityGlobals) = postSolution
		SolutionGuid = {452B1DEC-F857-480C-9042-48C908992462}
	EndGlobalSection
EndGlobal
